{
  "name": "@moj-ui/all",
  "version": "0.0.1",
  "lockfileVersion": 2,
  "requires": true,
  "packages": {
    "": {
      "name": "@moj-ui/all",
      "version": "0.0.1",
      "license": "ISC",
      "dependencies": {
        "@moj-ui/fun-ui": "^0.1.0"
      },
      "devDependencies": {}
    },
    "node_modules/@moj-ui/fun-ui": {
      "version": "0.1.0",
      "resolved": "https://registry.npmjs.org/@moj-ui/fun-ui/-/fun-ui-0.1.0.tgz",
      "integrity": "sha512-avi/QYscj2vNs2K3PYrDyg0LKwrIn+LiYK8xwtmACHfhLo/eh4DtcAnTDZFuDP0rtaauAoKj/kYqBemY+nSA2A=="
    }
  },
  "dependencies": {
    "@moj-ui/fun-ui": {
      "version": "0.1.0",
      "resolved": "https://registry.npmjs.org/@moj-ui/fun-ui/-/fun-ui-0.1.0.tgz",
      "integrity": "sha512-avi/QYscj2vNs2K3PYrDyg0LKwrIn+LiYK8xwtmACHfhLo/eh4DtcAnTDZFuDP0rtaauAoKj/kYqBemY+nSA2A=="
    }
  }
}
