{
  "name": "Moj-Ui",
  "lockfileVersion": 2,
  "requires": true,
  "packages": {
    "": {
      "dependencies": {
        "@moj-ui/fun-ui": "^0.0.1"
      }
    },
    "node_modules/@moj-ui/fun-ui": {
      "version": "0.0.1",
      "resolved": "https://registry.npmjs.org/@moj-ui/fun-ui/-/fun-ui-0.0.1.tgz",
      "integrity": "sha512-/inlVsVvfPItUptV5JplDF8IfTsjc4WGVNA9G+EY0YHlCfh11ibJv2PeDVpODgSGlgObVocogTHhUWSVnjnBmg=="
    }
  },
  "dependencies": {
    "@moj-ui/fun-ui": {
      "version": "0.0.1",
      "resolved": "https://registry.npmjs.org/@moj-ui/fun-ui/-/fun-ui-0.0.1.tgz",
      "integrity": "sha512-/inlVsVvfPItUptV5JplDF8IfTsjc4WGVNA9G+EY0YHlCfh11ibJv2PeDVpODgSGlgObVocogTHhUWSVnjnBmg=="
    }
  }
}
